PODS:
  - BigInt (4.0.0)
  - CryptoSwift (1.3.0)
  - RxCocoa (5.0.1):
    - RxRelay (~> 5)
    - RxSwift (~> 5)
  - RxRelay (5.0.1):
    - RxSwift (~> 5)
  - RxSwift (5.0.1)
  - secp256k1.swift (0.1.4)
  - Web3 (0.4.2):
    - Web3/Core (= 0.4.2)
    - Web3/HTTPExtension (= 0.4.2)
  - Web3/ContractABI (0.4.2):
    - Web3/Core
  - Web3/Core (0.4.2):
    - BigInt (~> 4.0)
    - CryptoSwift (~> 1.0)
    - secp256k1.swift (~> 0.1)
  - Web3/HTTPExtension (0.4.2):
    - Web3/Core

DEPENDENCIES:
  - RxCocoa (~> 5)
  - RxSwift (~> 5)
  - Web3
  - Web3/ContractABI

SPEC REPOS:
  trunk:
    - BigInt
    - CryptoSwift
    - RxCocoa
    - RxRelay
    - RxSwift
    - secp256k1.swift
    - Web3

SPEC CHECKSUMS:
  BigInt: 2aad1a9942dc932ec8b84290d2c564a3d76f97ab
  CryptoSwift: 1283821600233bdbeb96d7b389c3288c3bf77211
  RxCocoa: e741b9749968e8a143e2b787f1dfbff2b63d0a5c
  RxRelay: 89d54507f4fd4d969e6ec1d4bd7f3673640b4640
  RxSwift: e2dc62b366a3adf6a0be44ba9f405efd4c94e0c4
  secp256k1.swift: a7e7a214f6db6ce5db32cc6b2b45e5c4dd633634
  Web3: 7b2c30f98f24cc290bc671ab525d7a30a2afbc73

PODFILE CHECKSUM: 1afc76c183f6c6805385af1d027b9d90e039231d

COCOAPODS: 1.8.4
